
Microsoft Visual Studio Solution File, Format Version 12.00
# Visual Studio Version 16
VisualStudioVersion = 16.0.31129.286
MinimumVisualStudioVersion = 10.0.40219.1
Project("{FAE04EC0-301F-11D3-BF4B-00C04F79EFBC}") = "ATSD_Lab4", "ATSD_Lab4\ATSD_Lab4.csproj", "{111D429D-627A-4C93-BAE9-A4BAC6258736}"
EndProject
Global
	GlobalSection(SolutionConfigurationPlatforms) = preSolution
		Debug|Any CPU = Debug|Any CPU
		Release|Any CPU = Release|Any CPU
	EndGlobalSection
	GlobalSection(ProjectConfigurationPlatforms) = postSolution
		{111D429D-627A-4C93-BAE9-A4BAC6258736}.Debug|Any CPU.ActiveCfg = Debug|Any CPU
		{111D429D-627A-4C93-BAE9-A4BAC6258736}.Debug|Any CPU.Build.0 = Debug|Any CPU
		{111D429D-627A-4C93-BAE9-A4BAC6258736}.Release|Any CPU.ActiveCfg = Release|Any CPU
		{111D429D-627A-4C93-BAE9-A4BAC6258736}.Release|Any CPU.Build.0 = Release|Any CPU
	EndGlobalSection
	GlobalSection(SolutionProperties) = preSolution
		HideSolutionNode = FALSE
	EndGlobalSection
	GlobalSection(ExtensibilityGlobals) = postSolution
		SolutionGuid = {FB6C68F7-CFC3-461B-A87F-E3F6FA994AAC}
	EndGlobalSection
EndGlobal
